<Solution>
  <Configurations>
    <Platform Name="x64" />
    <Platform Name="x86" />
  </Configurations>
  <Folder Name="/ソリューション項目/">
    <File Path="README.md" />
  </Folder>
  <Project Path="../../../ChatServer/ChatClient/ChatClient.vcxproj" Id="fa89c973-7eb8-48e1-8d5d-f098ccce56f6" />
  <Project Path="../../../ChatServer/ChatServer/ChatServer.vcxproj" Id="637882d0-a65a-41c7-a941-940b61e561a4" />
  <Project Path="example_win32_directx11.vcxproj" Id="9f316e83-5ae5-4939-a723-305a94f48005" />
</Solution>
